
Microsoft Visual Studio Solution File, Format Version 12.00
# Visual Studio Version 17
VisualStudioVersion = 17.7.34024.191
MinimumVisualStudioVersion = 10.0.40219.1
Project("{8BC9CEB8-8B4A-11D0-8D11-00A0C91BC942}") = "DLSS", "DLSS\DLSS.vcxproj", "{9E659F28-291C-4B05-B281-9BF2E5623E93}"
EndProject
Project("{8BC9CEB8-8B4A-11D0-8D11-00A0C91BC942}") = "BarrierFSR2Hook", "BarrierFSR2Hook\BarrierFSR2Hook.vcxproj", "{F79797FA-A16A-4495-9B45-546986983AFF}"
EndProject
Global
	GlobalSection(SolutionConfigurationPlatforms) = preSolution
		Debug|x64 = Debug|x64
		Debug|x86 = Debug|x86
		Release|x64 = Release|x64
		Release|x86 = Release|x86
	EndGlobalSection
	GlobalSection(ProjectConfigurationPlatforms) = postSolution
		{9E659F28-291C-4B05-B281-9BF2E5623E93}.Debug|x64.ActiveCfg = Debug|x64
		{9E659F28-291C-4B05-B281-9BF2E5623E93}.Debug|x64.Build.0 = Debug|x64
		{9E659F28-291C-4B05-B281-9BF2E5623E93}.Debug|x86.ActiveCfg = Debug|Win32
		{9E659F28-291C-4B05-B281-9BF2E5623E93}.Debug|x86.Build.0 = Debug|Win32
		{9E659F28-291C-4B05-B281-9BF2E5623E93}.Release|x64.ActiveCfg = Release|x64
		{9E659F28-291C-4B05-B281-9BF2E5623E93}.Release|x64.Build.0 = Release|x64
		{9E659F28-291C-4B05-B281-9BF2E5623E93}.Release|x86.ActiveCfg = Release|Win32
		{9E659F28-291C-4B05-B281-9BF2E5623E93}.Release|x86.Build.0 = Release|Win32
		{F79797FA-A16A-4495-9B45-546986983AFF}.Debug|x64.ActiveCfg = Debug|x64
		{F79797FA-A16A-4495-9B45-546986983AFF}.Debug|x64.Build.0 = Debug|x64
		{F79797FA-A16A-4495-9B45-546986983AFF}.Debug|x86.ActiveCfg = Debug|Win32
		{F79797FA-A16A-4495-9B45-546986983AFF}.Debug|x86.Build.0 = Debug|Win32
		{F79797FA-A16A-4495-9B45-546986983AFF}.Release|x64.ActiveCfg = Release|x64
		{F79797FA-A16A-4495-9B45-546986983AFF}.Release|x64.Build.0 = Release|x64
		{F79797FA-A16A-4495-9B45-546986983AFF}.Release|x86.ActiveCfg = Release|Win32
		{F79797FA-A16A-4495-9B45-546986983AFF}.Release|x86.Build.0 = Release|Win32
	EndGlobalSection
	GlobalSection(SolutionProperties) = preSolution
		HideSolutionNode = FALSE
	EndGlobalSection
	GlobalSection(ExtensibilityGlobals) = postSolution
		SolutionGuid = {6AFE1738-E946-4BC6-AE42-EBF96907A6DD}
	EndGlobalSection
EndGlobal
